// !$*UTF8*$!
{
	archiveVersion = 1;
	classes = {
	};
	objectVersion = 60;
	objects = {

/* Begin PBXBuildFile section */
		08BC7C4B2C1A9BAE00F6F507 /* Store18App.swift in Sources */ = {isa = PBXBuildFile; fileRef = 08BC7C4A2C1A9BAE00F6F507 /* Store18App.swift */; };
		08BC7C4D2C1A9BAE00F6F507 /* ContentView.swift in Sources */ = {isa = PBXBuildFile; fileRef = 08BC7C4C2C1A9BAE00F6F507 /* ContentView.swift */; };
		08BC7C4F2C1A9BAE00F6F507 /* Item.swift in Sources */ = {isa = PBXBuildFile; fileRef = 08BC7C4E2C1A9BAE00F6F507 /* Item.swift */; };
		08BC7C512C1A9BAF00F6F507 /* Assets.xcassets in Resources */ = {isa = PBXBuildFile; fileRef = 08BC7C502C1A9BAF00F6F507 /* Assets.xcassets */; };
		08BC7C542C1A9BAF00F6F507 /* Preview Assets.xcassets in Resources */ = {isa = PBXBuildFile; fileRef = 08BC7C532C1A9BAF00F6F507 /* Preview Assets.xcassets */; };
		08BC7C5E2C1A9BAF00F6F507 /* Store18Tests.swift in Sources */ = {isa = PBXBuildFile; fileRef = 08BC7C5D2C1A9BAF00F6F507 /* Store18Tests.swift */; };
		08BC7C682C1A9BAF00F6F507 /* Store18UITests.swift in Sources */ = {isa = PBXBuildFile; fileRef = 08BC7C672C1A9BAF00F6F507 /* Store18UITests.swift */; };
		08BC7C6A2C1A9BAF00F6F507 /* Store18UITestsLaunchTests.swift in Sources */ = {isa = PBXBuildFile; fileRef = 08BC7C692C1A9BAF00F6F507 /* Store18UITestsLaunchTests.swift */; };
/* End PBXBuildFile section */

/* Begin PBXContainerItemProxy section */
		08BC7C5A2C1A9BAF00F6F507 /* PBXContainerItemProxy */ = {
			isa = PBXContainerItemProxy;
			containerPortal = 08BC7C3F2C1A9BAE00F6F507 /* Project object */;
			proxyType = 1;
			remoteGlobalIDString = 08BC7C462C1A9BAE00F6F507;
			remoteInfo = Store18;
		};
		08BC7C642C1A9BAF00F6F507 /* PBXContainerItemProxy */ = {
			isa = PBXContainerItemProxy;
			containerPortal = 08BC7C3F2C1A9BAE00F6F507 /* Project object */;
			proxyType = 1;
			remoteGlobalIDString = 08BC7C462C1A9BAE00F6F507;
			remoteInfo = Store18;
		};
/* End PBXContainerItemProxy section */

/* Begin PBXFileReference section */
		08BC7C472C1A9BAE00F6F507 /* Store18.app */ = {isa = PBXFileReference; explicitFileType = wrapper.application; includeInIndex = 0; path = Store18.app; sourceTree = BUILT_PRODUCTS_DIR; };
		08BC7C4A2C1A9BAE00F6F507 /* Store18App.swift */ = {isa = PBXFileReference; lastKnownFileType = sourcecode.swift; path = Store18App.swift; sourceTree = "<group>"; };
		08BC7C4C2C1A9BAE00F6F507 /* ContentView.swift */ = {isa = PBXFileReference; lastKnownFileType = sourcecode.swift; path = ContentView.swift; sourceTree = "<group>"; };
		08BC7C4E2C1A9BAE00F6F507 /* Item.swift */ = {isa = PBXFileReference; lastKnownFileType = sourcecode.swift; path = Item.swift; sourceTree = "<group>"; };
		08BC7C502C1A9BAF00F6F507 /* Assets.xcassets */ = {isa = PBXFileReference; lastKnownFileType = folder.assetcatalog; path = Assets.xcassets; sourceTree = "<group>"; };
		08BC7C532C1A9BAF00F6F507 /* Preview Assets.xcassets */ = {isa = PBXFileReference; lastKnownFileType = folder.assetcatalog; path = "Preview Assets.xcassets"; sourceTree = "<group>"; };
		08BC7C592C1A9BAF00F6F507 /* Store18Tests.xctest */ = {isa = PBXFileReference; explicitFileType = wrapper.cfbundle; includeInIndex = 0; path = Store18Tests.xctest; sourceTree = BUILT_PRODUCTS_DIR; };
		08BC7C5D2C1A9BAF00F6F507 /* Store18Tests.swift */ = {isa = PBXFileReference; lastKnownFileType = sourcecode.swift; path = Store18Tests.swift; sourceTree = "<group>"; };
		08BC7C632C1A9BAF00F6F507 /* Store18UITests.xctest */ = {isa = PBXFileReference; explicitFileType = wrapper.cfbundle; includeInIndex = 0; path = Store18UITests.xctest; sourceTree = BUILT_PRODUCTS_DIR; };
		08BC7C672C1A9BAF00F6F507 /* Store18UITests.swift */ = {isa = PBXFileReference; lastKnownFileType = sourcecode.swift; path = Store18UITests.swift; sourceTree = "<group>"; };
		08BC7C692C1A9BAF00F6F507 /* Store18UITestsLaunchTests.swift */ = {isa = PBXFileReference; lastKnownFileType = sourcecode.swift; path = Store18UITestsLaunchTests.swift; sourceTree = "<group>"; };
/* End PBXFileReference section */

/* Begin PBXFrameworksBuildPhase section */
		08BC7C442C1A9BAE00F6F507 /* Frameworks */ = {
			isa = PBXFrameworksBuildPhase;
			buildActionMask = 2147483647;
			files = (
			);
			runOnlyForDeploymentPostprocessing = 0;
		};
		08BC7C562C1A9BAF00F6F507 /* Frameworks */ = {
			isa = PBXFrameworksBuildPhase;
			buildActionMask = 2147483647;
			files = (
			);
			runOnlyForDeploymentPostprocessing = 0;
		};
		08BC7C602C1A9BAF00F6F507 /* Frameworks */ = {
			isa = PBXFrameworksBuildPhase;
			buildActionMask = 2147483647;
			files = (
			);
			runOnlyForDeploymentPostprocessing = 0;
		};
/* End PBXFrameworksBuildPhase section */

/* Begin PBXGroup section */
		08BC7C3E2C1A9BAE00F6F507 = {
			isa = PBXGroup;
			children = (
				08BC7C492C1A9BAE00F6F507 /* Store18 */,
				08BC7C5C2C1A9BAF00F6F507 /* Store18Tests */,
				08BC7C662C1A9BAF00F6F507 /* Store18UITests */,
				08BC7C482C1A9BAE00F6F507 /* Products */,
			);
			sourceTree = "<group>";
		};
		08BC7C482C1A9BAE00F6F507 /* Products */ = {
			isa = PBXGroup;
			children = (
				08BC7C472C1A9BAE00F6F507 /* Store18.app */,
				08BC7C592C1A9BAF00F6F507 /* Store18Tests.xctest */,
				08BC7C632C1A9BAF00F6F507 /* Store18UITests.xctest */,
			);
			name = Products;
			sourceTree = "<group>";
		};
		08BC7C492C1A9BAE00F6F507 /* Store18 */ = {
			isa = PBXGroup;
			children = (
				08BC7C4A2C1A9BAE00F6F507 /* Store18App.swift */,
				08BC7C4C2C1A9BAE00F6F507 /* ContentView.swift */,
				08BC7C4E2C1A9BAE00F6F507 /* Item.swift */,
				08BC7C502C1A9BAF00F6F507 /* Assets.xcassets */,
				08BC7C522C1A9BAF00F6F507 /* Preview Content */,
			);
			path = Store18;
			sourceTree = "<group>";
		};
		08BC7C522C1A9BAF00F6F507 /* Preview Content */ = {
			isa = PBXGroup;
			children = (
				08BC7C532C1A9BAF00F6F507 /* Preview Assets.xcassets */,
			);
			path = "Preview Content";
			sourceTree = "<group>";
		};
		08BC7C5C2C1A9BAF00F6F507 /* Store18Tests */ = {
			isa = PBXGroup;
			children = (
				08BC7C5D2C1A9BAF00F6F507 /* Store18Tests.swift */,
			);
			path = Store18Tests;
			sourceTree = "<group>";
		};
		08BC7C662C1A9BAF00F6F507 /* Store18UITests */ = {
			isa = PBXGroup;
			children = (
				08BC7C672C1A9BAF00F6F507 /* Store18UITests.swift */,
				08BC7C692C1A9BAF00F6F507 /* Store18UITestsLaunchTests.swift */,
			);
			path = Store18UITests;
			sourceTree = "<group>";
		};
/* End PBXGroup section */

/* Begin PBXNativeTarget section */
		08BC7C462C1A9BAE00F6F507 /* Store18 */ = {
			isa = PBXNativeTarget;
			buildConfigurationList = 08BC7C6D2C1A9BAF00F6F507 /* Build configuration list for PBXNativeTarget "Store18" */;
			buildPhases = (
				08BC7C432C1A9BAE00F6F507 /* Sources */,
				08BC7C442C1A9BAE00F6F507 /* Frameworks */,
				08BC7C452C1A9BAE00F6F507 /* Resources */,
			);
			buildRules = (
			);
			dependencies = (
			);
			name = Store18;
			productName = Store18;
			productReference = 08BC7C472C1A9BAE00F6F507 /* Store18.app */;
			productType = "com.apple.product-type.application";
		};
		08BC7C582C1A9BAF00F6F507 /* Store18Tests */ = {
			isa = PBXNativeTarget;
			buildConfigurationList = 08BC7C702C1A9BAF00F6F507 /* Build configuration list for PBXNativeTarget "Store18Tests" */;
			buildPhases = (
				08BC7C552C1A9BAF00F6F507 /* Sources */,
				08BC7C562C1A9BAF00F6F507 /* Frameworks */,
				08BC7C572C1A9BAF00F6F507 /* Resources */,
			);
			buildRules = (
			);
			dependencies = (
				08BC7C5B2C1A9BAF00F6F507 /* PBXTargetDependency */,
			);
			name = Store18Tests;
			productName = Store18Tests;
			productReference = 08BC7C592C1A9BAF00F6F507 /* Store18Tests.xctest */;
			productType = "com.apple.product-type.bundle.unit-test";
		};
		08BC7C622C1A9BAF00F6F507 /* Store18UITests */ = {
			isa = PBXNativeTarget;
			buildConfigurationList = 08BC7C732C1A9BAF00F6F507 /* Build configuration list for PBXNativeTarget "Store18UITests" */;
			buildPhases = (
				08BC7C5F2C1A9BAF00F6F507 /* Sources */,
				08BC7C602C1A9BAF00F6F507 /* Frameworks */,
				08BC7C612C1A9BAF00F6F507 /* Resources */,
			);
			buildRules = (
			);
			dependencies = (
				08BC7C652C1A9BAF00F6F507 /* PBXTargetDependency */,
			);
			name = Store18UITests;
			productName = Store18UITests;
			productReference = 08BC7C632C1A9BAF00F6F507 /* Store18UITests.xctest */;
			productType = "com.apple.product-type.bundle.ui-testing";
		};
/* End PBXNativeTarget section */

/* Begin PBXProject section */
		08BC7C3F2C1A9BAE00F6F507 /* Project object */ = {
			isa = PBXProject;
			attributes = {
				BuildIndependentTargetsInParallel = 1;
				LastSwiftUpdateCheck = 1600;
				LastUpgradeCheck = 1600;
				TargetAttributes = {
					08BC7C462C1A9BAE00F6F507 = {
						CreatedOnToolsVersion = 16.0;
					};
					08BC7C582C1A9BAF00F6F507 = {
						CreatedOnToolsVersion = 16.0;
						TestTargetID = 08BC7C462C1A9BAE00F6F507;
					};
					08BC7C622C1A9BAF00F6F507 = {
						CreatedOnToolsVersion = 16.0;
						TestTargetID = 08BC7C462C1A9BAE00F6F507;
					};
				};
			};
			buildConfigurationList = 08BC7C422C1A9BAE00F6F507 /* Build configuration list for PBXProject "Store18" */;
			compatibilityVersion = "Xcode 15.0";
			developmentRegion = en;
			hasScannedForEncodings = 0;
			knownRegions = (
				en,
				Base,
			);
			mainGroup = 08BC7C3E2C1A9BAE00F6F507;
			productRefGroup = 08BC7C482C1A9BAE00F6F507 /* Products */;
			projectDirPath = "";
			projectRoot = "";
			targets = (
				08BC7C462C1A9BAE00F6F507 /* Store18 */,
				08BC7C582C1A9BAF00F6F507 /* Store18Tests */,
				08BC7C622C1A9BAF00F6F507 /* Store18UITests */,
			);
		};
/* End PBXProject section */

/* Begin PBXResourcesBuildPhase section */
		08BC7C452C1A9BAE00F6F507 /* Resources */ = {
			isa = PBXResourcesBuildPhase;
			buildActionMask = 2147483647;
			files = (
				08BC7C542C1A9BAF00F6F507 /* Preview Assets.xcassets in Resources */,
				08BC7C512C1A9BAF00F6F507 /* Assets.xcassets in Resources */,
			);
			runOnlyForDeploymentPostprocessing = 0;
		};
		08BC7C572C1A9BAF00F6F507 /* Resources */ = {
			isa = PBXResourcesBuildPhase;
			buildActionMask = 2147483647;
			files = (
			);
			runOnlyForDeploymentPostprocessing = 0;
		};
		08BC7C612C1A9BAF00F6F507 /* Resources */ = {
			isa = PBXResourcesBuildPhase;
			buildActionMask = 2147483647;
			files = (
			);
			runOnlyForDeploymentPostprocessing = 0;
		};
/* End PBXResourcesBuildPhase section */

/* Begin PBXSourcesBuildPhase section */
		08BC7C432C1A9BAE00F6F507 /* Sources */ = {
			isa = PBXSourcesBuildPhase;
			buildActionMask = 2147483647;
			files = (
				08BC7C4D2C1A9BAE00F6F507 /* ContentView.swift in Sources */,
				08BC7C4F2C1A9BAE00F6F507 /* Item.swift in Sources */,
				08BC7C4B2C1A9BAE00F6F507 /* Store18App.swift in Sources */,
			);
			runOnlyForDeploymentPostprocessing = 0;
		};
		08BC7C552C1A9BAF00F6F507 /* Sources */ = {
			isa = PBXSourcesBuildPhase;
			buildActionMask = 2147483647;
			files = (
				08BC7C5E2C1A9BAF00F6F507 /* Store18Tests.swift in Sources */,
			);
			runOnlyForDeploymentPostprocessing = 0;
		};
		08BC7C5F2C1A9BAF00F6F507 /* Sources */ = {
			isa = PBXSourcesBuildPhase;
			buildActionMask = 2147483647;
			files = (
				08BC7C682C1A9BAF00F6F507 /* Store18UITests.swift in Sources */,
				08BC7C6A2C1A9BAF00F6F507 /* Store18UITestsLaunchTests.swift in Sources */,
			);
			runOnlyForDeploymentPostprocessing = 0;
		};
/* End PBXSourcesBuildPhase section */

/* Begin PBXTargetDependency section */
		08BC7C5B2C1A9BAF00F6F507 /* PBXTargetDependency */ = {
			isa = PBXTargetDependency;
			target = 08BC7C462C1A9BAE00F6F507 /* Store18 */;
			targetProxy = 08BC7C5A2C1A9BAF00F6F507 /* PBXContainerItemProxy */;
		};
		08BC7C652C1A9BAF00F6F507 /* PBXTargetDependency */ = {
			isa = PBXTargetDependency;
			target = 08BC7C462C1A9BAE00F6F507 /* Store18 */;
			targetProxy = 08BC7C642C1A9BAF00F6F507 /* PBXContainerItemProxy */;
		};
/* End PBXTargetDependency section */

/* Begin XCBuildConfiguration section */
		08BC7C6B2C1A9BAF00F6F507 /* Debug */ = {
			isa = XCBuildConfiguration;
			buildSettings = {
				ALWAYS_SEARCH_USER_PATHS = NO;
				ASSETCATALOG_COMPILER_GENERATE_SWIFT_ASSET_SYMBOL_EXTENSIONS = YES;
				CLANG_ANALYZER_NONNULL = YES;
				CLANG_ANALYZER_NUMBER_OBJECT_CONVERSION = YES_AGGRESSIVE;
				CLANG_CXX_LANGUAGE_STANDARD = "gnu++20";
				CLANG_ENABLE_MODULES = YES;
				CLANG_ENABLE_OBJC_ARC = YES;
				CLANG_ENABLE_OBJC_WEAK = YES;
				CLANG_WARN_BLOCK_CAPTURE_AUTORELEASING = YES;
				CLANG_WARN_BOOL_CONVERSION = YES;
				CLANG_WARN_COMMA = YES;
				CLANG_WARN_CONSTANT_CONVERSION = YES;
				CLANG_WARN_DEPRECATED_OBJC_IMPLEMENTATIONS = YES;
				CLANG_WARN_DIRECT_OBJC_ISA_USAGE = YES_ERROR;
				CLANG_WARN_DOCUMENTATION_COMMENTS = YES;
				CLANG_WARN_EMPTY_BODY = YES;
				CLANG_WARN_ENUM_CONVERSION = YES;
				CLANG_WARN_INFINITE_RECURSION = YES;
				CLANG_WARN_INT_CONVERSION = YES;
				CLANG_WARN_NON_LITERAL_NULL_CONVERSION = YES;
				CLANG_WARN_OBJC_IMPLICIT_RETAIN_SELF = YES;
				CLANG_WARN_OBJC_LITERAL_CONVERSION = YES;
				CLANG_WARN_OBJC_ROOT_CLASS = YES_ERROR;
				CLANG_WARN_QUOTED_INCLUDE_IN_FRAMEWORK_HEADER = YES;
				CLANG_WARN_RANGE_LOOP_ANALYSIS = YES;
				CLANG_WARN_STRICT_PROTOTYPES = YES;
				CLANG_WARN_SUSPICIOUS_MOVE = YES;
				CLANG_WARN_UNGUARDED_AVAILABILITY = YES_AGGRESSIVE;
				CLANG_WARN_UNREACHABLE_CODE = YES;
				CLANG_WARN__DUPLICATE_METHOD_MATCH = YES;
				COPY_PHASE_STRIP = NO;
				DEBUG_INFORMATION_FORMAT = dwarf;
				ENABLE_STRICT_OBJC_MSGSEND = YES;
				ENABLE_TESTABILITY = YES;
				ENABLE_USER_SCRIPT_SANDBOXING = YES;
				GCC_C_LANGUAGE_STANDARD = gnu17;
				GCC_DYNAMIC_NO_PIC = NO;
				GCC_NO_COMMON_BLOCKS = YES;
				GCC_OPTIMIZATION_LEVEL = 0;
				GCC_PREPROCESSOR_DEFINITIONS = (
					"DEBUG=1",
					"$(inherited)",
				);
				GCC_WARN_64_TO_32_BIT_CONVERSION = YES;
				GCC_WARN_ABOUT_RETURN_TYPE = YES_ERROR;
				GCC_WARN_UNDECLARED_SELECTOR = YES;
				GCC_WARN_UNINITIALIZED_AUTOS = YES_AGGRESSIVE;
				GCC_WARN_UNUSED_FUNCTION = YES;
				GCC_WARN_UNUSED_VARIABLE = YES;
				IPHONEOS_DEPLOYMENT_TARGET = 18.0;
				LOCALIZATION_PREFERS_STRING_CATALOGS = YES;
				MTL_ENABLE_DEBUG_INFO = INCLUDE_SOURCE;
				MTL_FAST_MATH = YES;
				ONLY_ACTIVE_ARCH = YES;
				SDKROOT = iphoneos;
				SWIFT_ACTIVE_COMPILATION_CONDITIONS = "DEBUG $(inherited)";
				SWIFT_OPTIMIZATION_LEVEL = "-Onone";
			};
			name = Debug;
		};
		08BC7C6C2C1A9BAF00F6F507 /* Release */ = {
			isa = XCBuildConfiguration;
			buildSettings = {
				ALWAYS_SEARCH_USER_PATHS = NO;
				ASSETCATALOG_COMPILER_GENERATE_SWIFT_ASSET_SYMBOL_EXTENSIONS = YES;
				CLANG_ANALYZER_NONNULL = YES;
				CLANG_ANALYZER_NUMBER_OBJECT_CONVERSION = YES_AGGRESSIVE;
				CLANG_CXX_LANGUAGE_STANDARD = "gnu++20";
				CLANG_ENABLE_MODULES = YES;
				CLANG_ENABLE_OBJC_ARC = YES;
				CLANG_ENABLE_OBJC_WEAK = YES;
				CLANG_WARN_BLOCK_CAPTURE_AUTORELEASING = YES;
				CLANG_WARN_BOOL_CONVERSION = YES;
				CLANG_WARN_COMMA = YES;
				CLANG_WARN_CONSTANT_CONVERSION = YES;
				CLANG_WARN_DEPRECATED_OBJC_IMPLEMENTATIONS = YES;
				CLANG_WARN_DIRECT_OBJC_ISA_USAGE = YES_ERROR;
				CLANG_WARN_DOCUMENTATION_COMMENTS = YES;
				CLANG_WARN_EMPTY_BODY = YES;
				CLANG_WARN_ENUM_CONVERSION = YES;
				CLANG_WARN_INFINITE_RECURSION = YES;
				CLANG_WARN_INT_CONVERSION = YES;
				CLANG_WARN_NON_LITERAL_NULL_CONVERSION = YES;
				CLANG_WARN_OBJC_IMPLICIT_RETAIN_SELF = YES;
				CLANG_WARN_OBJC_LITERAL_CONVERSION = YES;
				CLANG_WARN_OBJC_ROOT_CLASS = YES_ERROR;
				CLANG_WARN_QUOTED_INCLUDE_IN_FRAMEWORK_HEADER = YES;
				CLANG_WARN_RANGE_LOOP_ANALYSIS = YES;
				CLANG_WARN_STRICT_PROTOTYPES = YES;
				CLANG_WARN_SUSPICIOUS_MOVE = YES;
				CLANG_WARN_UNGUARDED_AVAILABILITY = YES_AGGRESSIVE;
				CLANG_WARN_UNREACHABLE_CODE = YES;
				CLANG_WARN__DUPLICATE_METHOD_MATCH = YES;
				COPY_PHASE_STRIP = NO;
				DEBUG_INFORMATION_FORMAT = "dwarf-with-dsym";
				ENABLE_NS_ASSERTIONS = NO;
				ENABLE_STRICT_OBJC_MSGSEND = YES;
				ENABLE_USER_SCRIPT_SANDBOXING = YES;
				GCC_C_LANGUAGE_STANDARD = gnu17;
				GCC_NO_COMMON_BLOCKS = YES;
				GCC_WARN_64_TO_32_BIT_CONVERSION = YES;
				GCC_WARN_ABOUT_RETURN_TYPE = YES_ERROR;
				GCC_WARN_UNDECLARED_SELECTOR = YES;
				GCC_WARN_UNINITIALIZED_AUTOS = YES_AGGRESSIVE;
				GCC_WARN_UNUSED_FUNCTION = YES;
				GCC_WARN_UNUSED_VARIABLE = YES;
				IPHONEOS_DEPLOYMENT_TARGET = 18.0;
				LOCALIZATION_PREFERS_STRING_CATALOGS = YES;
				MTL_ENABLE_DEBUG_INFO = NO;
				MTL_FAST_MATH = YES;
				SDKROOT = iphoneos;
				SWIFT_COMPILATION_MODE = wholemodule;
				VALIDATE_PRODUCT = YES;
			};
			name = Release;
		};
		08BC7C6E2C1A9BAF00F6F507 /* Debug */ = {
			isa = XCBuildConfiguration;
			buildSettings = {
				ASSETCATALOG_COMPILER_APPICON_NAME = AppIcon;
				ASSETCATALOG_COMPILER_GLOBAL_ACCENT_COLOR_NAME = AccentColor;
				CODE_SIGN_STYLE = Automatic;
				CURRENT_PROJECT_VERSION = 1;
				DEVELOPMENT_ASSET_PATHS = "\"Store18/Preview Content\"";
				DEVELOPMENT_TEAM = CPX7FN2K89;
				ENABLE_PREVIEWS = YES;
				GENERATE_INFOPLIST_FILE = YES;
				INFOPLIST_KEY_UIApplicationSceneManifest_Generation = YES;
				INFOPLIST_KEY_UIApplicationSupportsIndirectInputEvents = YES;
				INFOPLIST_KEY_UILaunchScreen_Generation = YES;
				INFOPLIST_KEY_UISupportedInterfaceOrientations_iPad = "UIInterfaceOrientationPortrait UIInterfaceOrientationPortraitUpsideDown UIInterfaceOrientationLandscapeLeft UIInterfaceOrientationLandscapeRight";
				INFOPLIST_KEY_UISupportedInterfaceOrientations_iPhone = "UIInterfaceOrientationPortrait UIInterfaceOrientationLandscapeLeft UIInterfaceOrientationLandscapeRight";
				LD_RUNPATH_SEARCH_PATHS = (
					"$(inherited)",
					"@executable_path/Frameworks",
				);
				MARKETING_VERSION = 1.0;
				PRODUCT_BUNDLE_IDENTIFIER = dev.erikflores.Store18;
				PRODUCT_NAME = "$(TARGET_NAME)";
				SWIFT_EMIT_LOC_STRINGS = YES;
				SWIFT_VERSION = 5.0;
				TARGETED_DEVICE_FAMILY = "1,2";
			};
			name = Debug;
		};
		08BC7C6F2C1A9BAF00F6F507 /* Release */ = {
			isa = XCBuildConfiguration;
			buildSettings = {
				ASSETCATALOG_COMPILER_APPICON_NAME = AppIcon;
				ASSETCATALOG_COMPILER_GLOBAL_ACCENT_COLOR_NAME = AccentColor;
				CODE_SIGN_STYLE = Automatic;
				CURRENT_PROJECT_VERSION = 1;
				DEVELOPMENT_ASSET_PATHS = "\"Store18/Preview Content\"";
				DEVELOPMENT_TEAM = CPX7FN2K89;
				ENABLE_PREVIEWS = YES;
				GENERATE_INFOPLIST_FILE = YES;
				INFOPLIST_KEY_UIApplicationSceneManifest_Generation = YES;
				INFOPLIST_KEY_UIApplicationSupportsIndirectInputEvents = YES;
				INFOPLIST_KEY_UILaunchScreen_Generation = YES;
				INFOPLIST_KEY_UISupportedInterfaceOrientations_iPad = "UIInterfaceOrientationPortrait UIInterfaceOrientationPortraitUpsideDown UIInterfaceOrientationLandscapeLeft UIInterfaceOrientationLandscapeRight";
				INFOPLIST_KEY_UISupportedInterfaceOrientations_iPhone = "UIInterfaceOrientationPortrait UIInterfaceOrientationLandscapeLeft UIInterfaceOrientationLandscapeRight";
				LD_RUNPATH_SEARCH_PATHS = (
					"$(inherited)",
					"@executable_path/Frameworks",
				);
				MARKETING_VERSION = 1.0;
				PRODUCT_BUNDLE_IDENTIFIER = dev.erikflores.Store18;
				PRODUCT_NAME = "$(TARGET_NAME)";
				SWIFT_EMIT_LOC_STRINGS = YES;
				SWIFT_VERSION = 5.0;
				TARGETED_DEVICE_FAMILY = "1,2";
			};
			name = Release;
		};
		08BC7C712C1A9BAF00F6F507 /* Debug */ = {
			isa = XCBuildConfiguration;
			buildSettings = {
				BUNDLE_LOADER = "$(TEST_HOST)";
				CODE_SIGN_STYLE = Automatic;
				CURRENT_PROJECT_VERSION = 1;
				DEVELOPMENT_TEAM = CPX7FN2K89;
				GENERATE_INFOPLIST_FILE = YES;
				IPHONEOS_DEPLOYMENT_TARGET = 18.0;
				MARKETING_VERSION = 1.0;
				PRODUCT_BUNDLE_IDENTIFIER = dev.erikflores.Store18Tests;
				PRODUCT_NAME = "$(TARGET_NAME)";
				SWIFT_EMIT_LOC_STRINGS = NO;
				SWIFT_VERSION = 5.0;
				TARGETED_DEVICE_FAMILY = "1,2";
				TEST_HOST = "$(BUILT_PRODUCTS_DIR)/Store18.app/$(BUNDLE_EXECUTABLE_FOLDER_PATH)/Store18";
			};
			name = Debug;
		};
		08BC7C722C1A9BAF00F6F507 /* Release */ = {
			isa = XCBuildConfiguration;
			buildSettings = {
				BUNDLE_LOADER = "$(TEST_HOST)";
				CODE_SIGN_STYLE = Automatic;
				CURRENT_PROJECT_VERSION = 1;
				DEVELOPMENT_TEAM = CPX7FN2K89;
				GENERATE_INFOPLIST_FILE = YES;
				IPHONEOS_DEPLOYMENT_TARGET = 18.0;
				MARKETING_VERSION = 1.0;
				PRODUCT_BUNDLE_IDENTIFIER = dev.erikflores.Store18Tests;
				PRODUCT_NAME = "$(TARGET_NAME)";
				SWIFT_EMIT_LOC_STRINGS = NO;
				SWIFT_VERSION = 5.0;
				TARGETED_DEVICE_FAMILY = "1,2";
				TEST_HOST = "$(BUILT_PRODUCTS_DIR)/Store18.app/$(BUNDLE_EXECUTABLE_FOLDER_PATH)/Store18";
			};
			name = Release;
		};
		08BC7C742C1A9BAF00F6F507 /* Debug */ = {
			isa = XCBuildConfiguration;
			buildSettings = {
				CODE_SIGN_STYLE = Automatic;
				CURRENT_PROJECT_VERSION = 1;
				DEVELOPMENT_TEAM = CPX7FN2K89;
				GENERATE_INFOPLIST_FILE = YES;
				MARKETING_VERSION = 1.0;
				PRODUCT_BUNDLE_IDENTIFIER = dev.erikflores.Store18UITests;
				PRODUCT_NAME = "$(TARGET_NAME)";
				SWIFT_EMIT_LOC_STRINGS = NO;
				SWIFT_VERSION = 5.0;
				TARGETED_DEVICE_FAMILY = "1,2";
				TEST_TARGET_NAME = Store18;
			};
			name = Debug;
		};
		08BC7C752C1A9BAF00F6F507 /* Release */ = {
			isa = XCBuildConfiguration;
			buildSettings = {
				CODE_SIGN_STYLE = Automatic;
				CURRENT_PROJECT_VERSION = 1;
				DEVELOPMENT_TEAM = CPX7FN2K89;
				GENERATE_INFOPLIST_FILE = YES;
				MARKETING_VERSION = 1.0;
				PRODUCT_BUNDLE_IDENTIFIER = dev.erikflores.Store18UITests;
				PRODUCT_NAME = "$(TARGET_NAME)";
				SWIFT_EMIT_LOC_STRINGS = NO;
				SWIFT_VERSION = 5.0;
				TARGETED_DEVICE_FAMILY = "1,2";
				TEST_TARGET_NAME = Store18;
			};
			name = Release;
		};
/* End XCBuildConfiguration section */

/* Begin XCConfigurationList section */
		08BC7C422C1A9BAE00F6F507 /* Build configuration list for PBXProject "Store18" */ = {
			isa = XCConfigurationList;
			buildConfigurations = (
				08BC7C6B2C1A9BAF00F6F507 /* Debug */,
				08BC7C6C2C1A9BAF00F6F507 /* Release */,
			);
			defaultConfigurationIsVisible = 0;
			defaultConfigurationName = Release;
		};
		08BC7C6D2C1A9BAF00F6F507 /* Build configuration list for PBXNativeTarget "Store18" */ = {
			isa = XCConfigurationList;
			buildConfigurations = (
				08BC7C6E2C1A9BAF00F6F507 /* Debug */,
				08BC7C6F2C1A9BAF00F6F507 /* Release */,
			);
			defaultConfigurationIsVisible = 0;
			defaultConfigurationName = Release;
		};
		08BC7C702C1A9BAF00F6F507 /* Build configuration list for PBXNativeTarget "Store18Tests" */ = {
			isa = XCConfigurationList;
			buildConfigurations = (
				08BC7C712C1A9BAF00F6F507 /* Debug */,
				08BC7C722C1A9BAF00F6F507 /* Release */,
			);
			defaultConfigurationIsVisible = 0;
			defaultConfigurationName = Release;
		};
		08BC7C732C1A9BAF00F6F507 /* Build configuration list for PBXNativeTarget "Store18UITests" */ = {
			isa = XCConfigurationList;
			buildConfigurations = (
				08BC7C742C1A9BAF00F6F507 /* Debug */,
				08BC7C752C1A9BAF00F6F507 /* Release */,
			);
			defaultConfigurationIsVisible = 0;
			defaultConfigurationName = Release;
		};
/* End XCConfigurationList section */
	};
	rootObject = 08BC7C3F2C1A9BAE00F6F507 /* Project object */;
}
